// !$*UTF8*$!
{
	archiveVersion = 1;
	classes = {
	};
	objectVersion = 56;
	objects = {

/* Begin PBXBuildFile section */
		7532F5882A2B1CB400FE5F38 /* cardsGameApp.swift in Sources */ = {isa = PBXBuildFile; fileRef = 7532F5872A2B1CB400FE5F38 /* cardsGameApp.swift */; };
		7532F58A2A2B1CB400FE5F38 /* ContentView.swift in Sources */ = {isa = PBXBuildFile; fileRef = 7532F5892A2B1CB400FE5F38 /* ContentView.swift */; };
		7532F58C2A2B1CB600FE5F38 /* Assets.xcassets in Resources */ = {isa = PBXBuildFile; fileRef = 7532F58B2A2B1CB600FE5F38 /* Assets.xcassets */; };
		7532F58F2A2B1CB600FE5F38 /* Preview Assets.xcassets in Resources */ = {isa = PBXBuildFile; fileRef = 7532F58E2A2B1CB600FE5F38 /* Preview Assets.xcassets */; };
		7532F5992A2B1CB600FE5F38 /* cardsGameTests.swift in Sources */ = {isa = PBXBuildFile; fileRef = 7532F5982A2B1CB600FE5F38 /* cardsGameTests.swift */; };
		7532F5A32A2B1CB600FE5F38 /* cardsGameUITests.swift in Sources */ = {isa = PBXBuildFile; fileRef = 7532F5A22A2B1CB600FE5F38 /* cardsGameUITests.swift */; };
		7532F5A52A2B1CB600FE5F38 /* cardsGameUITestsLaunchTests.swift in Sources */ = {isa = PBXBuildFile; fileRef = 7532F5A42A2B1CB600FE5F38 /* cardsGameUITestsLaunchTests.swift */; };
/* End PBXBuildFile section */

/* Begin PBXContainerItemProxy section */
		7532F5952A2B1CB600FE5F38 /* PBXContainerItemProxy */ = {
			isa = PBXContainerItemProxy;
			containerPortal = 7532F57C2A2B1CB400FE5F38 /* Project object */;
			proxyType = 1;
			remoteGlobalIDString = 7532F5832A2B1CB400FE5F38;
			remoteInfo = cardsGame;
		};
		7532F59F2A2B1CB600FE5F38 /* PBXContainerItemProxy */ = {
			isa = PBXContainerItemProxy;
			containerPortal = 7532F57C2A2B1CB400FE5F38 /* Project object */;
			proxyType = 1;
			remoteGlobalIDString = 7532F5832A2B1CB400FE5F38;
			remoteInfo = cardsGame;
		};
/* End PBXContainerItemProxy section */

/* Begin PBXFileReference section */
		7532F5842A2B1CB400FE5F38 /* cardsGame.app */ = {isa = PBXFileReference; explicitFileType = wrapper.application; includeInIndex = 0; path = cardsGame.app; sourceTree = BUILT_PRODUCTS_DIR; };
		7532F5872A2B1CB400FE5F38 /* cardsGameApp.swift */ = {isa = PBXFileReference; lastKnownFileType = sourcecode.swift; path = cardsGameApp.swift; sourceTree = "<group>"; };
		7532F5892A2B1CB400FE5F38 /* ContentView.swift */ = {isa = PBXFileReference; lastKnownFileType = sourcecode.swift; path = ContentView.swift; sourceTree = "<group>"; };
		7532F58B2A2B1CB600FE5F38 /* Assets.xcassets */ = {isa = PBXFileReference; lastKnownFileType = folder.assetcatalog; path = Assets.xcassets; sourceTree = "<group>"; };
		7532F58E2A2B1CB600FE5F38 /* Preview Assets.xcassets */ = {isa = PBXFileReference; lastKnownFileType = folder.assetcatalog; path = "Preview Assets.xcassets"; sourceTree = "<group>"; };
		7532F5942A2B1CB600FE5F38 /* cardsGameTests.xctest */ = {isa = PBXFileReference; explicitFileType = wrapper.cfbundle; includeInIndex = 0; path = cardsGameTests.xctest; sourceTree = BUILT_PRODUCTS_DIR; };
		7532F5982A2B1CB600FE5F38 /* cardsGameTests.swift */ = {isa = PBXFileReference; lastKnownFileType = sourcecode.swift; path = cardsGameTests.swift; sourceTree = "<group>"; };
		7532F59E2A2B1CB600FE5F38 /* cardsGameUITests.xctest */ = {isa = PBXFileReference; explicitFileType = wrapper.cfbundle; includeInIndex = 0; path = cardsGameUITests.xctest; sourceTree = BUILT_PRODUCTS_DIR; };
		7532F5A22A2B1CB600FE5F38 /* cardsGameUITests.swift */ = {isa = PBXFileReference; lastKnownFileType = sourcecode.swift; path = cardsGameUITests.swift; sourceTree = "<group>"; };
		7532F5A42A2B1CB600FE5F38 /* cardsGameUITestsLaunchTests.swift */ = {isa = PBXFileReference; lastKnownFileType = sourcecode.swift; path = cardsGameUITestsLaunchTests.swift; sourceTree = "<group>"; };
/* End PBXFileReference section */

/* Begin PBXFrameworksBuildPhase section */
		7532F5812A2B1CB400FE5F38 /* Frameworks */ = {
			isa = PBXFrameworksBuildPhase;
			buildActionMask = 2147483647;
			files = (
			);
			runOnlyForDeploymentPostprocessing = 0;
		};
		7532F5912A2B1CB600FE5F38 /* Frameworks */ = {
			isa = PBXFrameworksBuildPhase;
			buildActionMask = 2147483647;
			files = (
			);
			runOnlyForDeploymentPostprocessing = 0;
		};
		7532F59B2A2B1CB600FE5F38 /* Frameworks */ = {
			isa = PBXFrameworksBuildPhase;
			buildActionMask = 2147483647;
			files = (
			);
			runOnlyForDeploymentPostprocessing = 0;
		};
/* End PBXFrameworksBuildPhase section */

/* Begin PBXGroup section */
		7532F57B2A2B1CB400FE5F38 = {
			isa = PBXGroup;
			children = (
				7532F5862A2B1CB400FE5F38 /* cardsGame */,
				7532F5972A2B1CB600FE5F38 /* cardsGameTests */,
				7532F5A12A2B1CB600FE5F38 /* cardsGameUITests */,
				7532F5852A2B1CB400FE5F38 /* Products */,
			);
			sourceTree = "<group>";
		};
		7532F5852A2B1CB400FE5F38 /* Products */ = {
			isa = PBXGroup;
			children = (
				7532F5842A2B1CB400FE5F38 /* cardsGame.app */,
				7532F5942A2B1CB600FE5F38 /* cardsGameTests.xctest */,
				7532F59E2A2B1CB600FE5F38 /* cardsGameUITests.xctest */,
			);
			name = Products;
			sourceTree = "<group>";
		};
		7532F5862A2B1CB400FE5F38 /* cardsGame */ = {
			isa = PBXGroup;
			children = (
				7532F5872A2B1CB400FE5F38 /* cardsGameApp.swift */,
				7532F5892A2B1CB400FE5F38 /* ContentView.swift */,
				7532F58B2A2B1CB600FE5F38 /* Assets.xcassets */,
				7532F58D2A2B1CB600FE5F38 /* Preview Content */,
			);
			path = cardsGame;
			sourceTree = "<group>";
		};
		7532F58D2A2B1CB600FE5F38 /* Preview Content */ = {
			isa = PBXGroup;
			children = (
				7532F58E2A2B1CB600FE5F38 /* Preview Assets.xcassets */,
			);
			path = "Preview Content";
			sourceTree = "<group>";
		};
		7532F5972A2B1CB600FE5F38 /* cardsGameTests */ = {
			isa = PBXGroup;
			children = (
				7532F5982A2B1CB600FE5F38 /* cardsGameTests.swift */,
			);
			path = cardsGameTests;
			sourceTree = "<group>";
		};
		7532F5A12A2B1CB600FE5F38 /* cardsGameUITests */ = {
			isa = PBXGroup;
			children = (
				7532F5A22A2B1CB600FE5F38 /* cardsGameUITests.swift */,
				7532F5A42A2B1CB600FE5F38 /* cardsGameUITestsLaunchTests.swift */,
			);
			path = cardsGameUITests;
			sourceTree = "<group>";
		};
/* End PBXGroup section */

/* Begin PBXNativeTarget section */
		7532F5832A2B1CB400FE5F38 /* cardsGame */ = {
			isa = PBXNativeTarget;
			buildConfigurationList = 7532F5A82A2B1CB600FE5F38 /* Build configuration list for PBXNativeTarget "cardsGame" */;
			buildPhases = (
				7532F5802A2B1CB400FE5F38 /* Sources */,
				7532F5812A2B1CB400FE5F38 /* Frameworks */,
				7532F5822A2B1CB400FE5F38 /* Resources */,
			);
			buildRules = (
			);
			dependencies = (
			);
			name = cardsGame;
			productName = cardsGame;
			productReference = 7532F5842A2B1CB400FE5F38 /* cardsGame.app */;
			productType = "com.apple.product-type.application";
		};
		7532F5932A2B1CB600FE5F38 /* cardsGameTests */ = {
			isa = PBXNativeTarget;
			buildConfigurationList = 7532F5AB2A2B1CB600FE5F38 /* Build configuration list for PBXNativeTarget "cardsGameTests" */;
			buildPhases = (
				7532F5902A2B1CB600FE5F38 /* Sources */,
				7532F5912A2B1CB600FE5F38 /* Frameworks */,
				7532F5922A2B1CB600FE5F38 /* Resources */,
			);
			buildRules = (
			);
			dependencies = (
				7532F5962A2B1CB600FE5F38 /* PBXTargetDependency */,
			);
			name = cardsGameTests;
			productName = cardsGameTests;
			productReference = 7532F5942A2B1CB600FE5F38 /* cardsGameTests.xctest */;
			productType = "com.apple.product-type.bundle.unit-test";
		};
		7532F59D2A2B1CB600FE5F38 /* cardsGameUITests */ = {
			isa = PBXNativeTarget;
			buildConfigurationList = 7532F5AE2A2B1CB600FE5F38 /* Build configuration list for PBXNativeTarget "cardsGameUITests" */;
			buildPhases = (
				7532F59A2A2B1CB600FE5F38 /* Sources */,
				7532F59B2A2B1CB600FE5F38 /* Frameworks */,
				7532F59C2A2B1CB600FE5F38 /* Resources */,
			);
			buildRules = (
			);
			dependencies = (
				7532F5A02A2B1CB600FE5F38 /* PBXTargetDependency */,
			);
			name = cardsGameUITests;
			productName = cardsGameUITests;
			productReference = 7532F59E2A2B1CB600FE5F38 /* cardsGameUITests.xctest */;
			productType = "com.apple.product-type.bundle.ui-testing";
		};
/* End PBXNativeTarget section */

/* Begin PBXProject section */
		7532F57C2A2B1CB400FE5F38 /* Project object */ = {
			isa = PBXProject;
			attributes = {
				BuildIndependentTargetsInParallel = 1;
				LastSwiftUpdateCheck = 1430;
				LastUpgradeCheck = 1430;
				TargetAttributes = {
					7532F5832A2B1CB400FE5F38 = {
						CreatedOnToolsVersion = 14.3;
					};
					7532F5932A2B1CB600FE5F38 = {
						CreatedOnToolsVersion = 14.3;
						TestTargetID = 7532F5832A2B1CB400FE5F38;
					};
					7532F59D2A2B1CB600FE5F38 = {
						CreatedOnToolsVersion = 14.3;
						TestTargetID = 7532F5832A2B1CB400FE5F38;
					};
				};
			};
			buildConfigurationList = 7532F57F2A2B1CB400FE5F38 /* Build configuration list for PBXProject "cardsGame" */;
			compatibilityVersion = "Xcode 14.0";
			developmentRegion = en;
			hasScannedForEncodings = 0;
			knownRegions = (
				en,
				Base,
			);
			mainGroup = 7532F57B2A2B1CB400FE5F38;
			productRefGroup = 7532F5852A2B1CB400FE5F38 /* Products */;
			projectDirPath = "";
			projectRoot = "";
			targets = (
				7532F5832A2B1CB400FE5F38 /* cardsGame */,
				7532F5932A2B1CB600FE5F38 /* cardsGameTests */,
				7532F59D2A2B1CB600FE5F38 /* cardsGameUITests */,
			);
		};
/* End PBXProject section */

/* Begin PBXResourcesBuildPhase section */
		7532F5822A2B1CB400FE5F38 /* Resources */ = {
			isa = PBXResourcesBuildPhase;
			buildActionMask = 2147483647;
			files = (
				7532F58F2A2B1CB600FE5F38 /* Preview Assets.xcassets in Resources */,
				7532F58C2A2B1CB600FE5F38 /* Assets.xcassets in Resources */,
			);
			runOnlyForDeploymentPostprocessing = 0;
		};
		7532F5922A2B1CB600FE5F38 /* Resources */ = {
			isa = PBXResourcesBuildPhase;
			buildActionMask = 2147483647;
			files = (
			);
			runOnlyForDeploymentPostprocessing = 0;
		};
		7532F59C2A2B1CB600FE5F38 /* Resources */ = {
			isa = PBXResourcesBuildPhase;
			buildActionMask = 2147483647;
			files = (
			);
			runOnlyForDeploymentPostprocessing = 0;
		};
/* End PBXResourcesBuildPhase section */

/* Begin PBXSourcesBuildPhase section */
		7532F5802A2B1CB400FE5F38 /* Sources */ = {
			isa = PBXSourcesBuildPhase;
			buildActionMask = 2147483647;
			files = (
				7532F58A2A2B1CB400FE5F38 /* ContentView.swift in Sources */,
				7532F5882A2B1CB400FE5F38 /* cardsGameApp.swift in Sources */,
			);
			runOnlyForDeploymentPostprocessing = 0;
		};
		7532F5902A2B1CB600FE5F38 /* Sources */ = {
			isa = PBXSourcesBuildPhase;
			buildActionMask = 2147483647;
			files = (
				7532F5992A2B1CB600FE5F38 /* cardsGameTests.swift in Sources */,
			);
			runOnlyForDeploymentPostprocessing = 0;
		};
		7532F59A2A2B1CB600FE5F38 /* Sources */ = {
			isa = PBXSourcesBuildPhase;
			buildActionMask = 2147483647;
			files = (
				7532F5A52A2B1CB600FE5F38 /* cardsGameUITestsLaunchTests.swift in Sources */,
				7532F5A32A2B1CB600FE5F38 /* cardsGameUITests.swift in Sources */,
			);
			runOnlyForDeploymentPostprocessing = 0;
		};
/* End PBXSourcesBuildPhase section */

/* Begin PBXTargetDependency section */
		7532F5962A2B1CB600FE5F38 /* PBXTargetDependency */ = {
			isa = PBXTargetDependency;
			target = 7532F5832A2B1CB400FE5F38 /* cardsGame */;
			targetProxy = 7532F5952A2B1CB600FE5F38 /* PBXContainerItemProxy */;
		};
		7532F5A02A2B1CB600FE5F38 /* PBXTargetDependency */ = {
			isa = PBXTargetDependency;
			target = 7532F5832A2B1CB400FE5F38 /* cardsGame */;
			targetProxy = 7532F59F2A2B1CB600FE5F38 /* PBXContainerItemProxy */;
		};
/* End PBXTargetDependency section */

/* Begin XCBuildConfiguration section */
		7532F5A62A2B1CB600FE5F38 /* Debug */ = {
			isa = XCBuildConfiguration;
			buildSettings = {
				ALWAYS_SEARCH_USER_PATHS = NO;
				CLANG_ANALYZER_NONNULL = YES;
				CLANG_ANALYZER_NUMBER_OBJECT_CONVERSION = YES_AGGRESSIVE;
				CLANG_CXX_LANGUAGE_STANDARD = "gnu++20";
				CLANG_ENABLE_MODULES = YES;
				CLANG_ENABLE_OBJC_ARC = YES;
				CLANG_ENABLE_OBJC_WEAK = YES;
				CLANG_WARN_BLOCK_CAPTURE_AUTORELEASING = YES;
				CLANG_WARN_BOOL_CONVERSION = YES;
				CLANG_WARN_COMMA = YES;
				CLANG_WARN_CONSTANT_CONVERSION = YES;
				CLANG_WARN_DEPRECATED_OBJC_IMPLEMENTATIONS = YES;
				CLANG_WARN_DIRECT_OBJC_ISA_USAGE = YES_ERROR;
				CLANG_WARN_DOCUMENTATION_COMMENTS = YES;
				CLANG_WARN_EMPTY_BODY = YES;
				CLANG_WARN_ENUM_CONVERSION = YES;
				CLANG_WARN_INFINITE_RECURSION = YES;
				CLANG_WARN_INT_CONVERSION = YES;
				CLANG_WARN_NON_LITERAL_NULL_CONVERSION = YES;
				CLANG_WARN_OBJC_IMPLICIT_RETAIN_SELF = YES;
				CLANG_WARN_OBJC_LITERAL_CONVERSION = YES;
				CLANG_WARN_OBJC_ROOT_CLASS = YES_ERROR;
				CLANG_WARN_QUOTED_INCLUDE_IN_FRAMEWORK_HEADER = YES;
				CLANG_WARN_RANGE_LOOP_ANALYSIS = YES;
				CLANG_WARN_STRICT_PROTOTYPES = YES;
				CLANG_WARN_SUSPICIOUS_MOVE = YES;
				CLANG_WARN_UNGUARDED_AVAILABILITY = YES_AGGRESSIVE;
				CLANG_WARN_UNREACHABLE_CODE = YES;
				CLANG_WARN__DUPLICATE_METHOD_MATCH = YES;
				COPY_PHASE_STRIP = NO;
				DEBUG_INFORMATION_FORMAT = dwarf;
				ENABLE_STRICT_OBJC_MSGSEND = YES;
				ENABLE_TESTABILITY = YES;
				GCC_C_LANGUAGE_STANDARD = gnu11;
				GCC_DYNAMIC_NO_PIC = NO;
				GCC_NO_COMMON_BLOCKS = YES;
				GCC_OPTIMIZATION_LEVEL = 0;
				GCC_PREPROCESSOR_DEFINITIONS = (
					"DEBUG=1",
					"$(inherited)",
				);
				GCC_WARN_64_TO_32_BIT_CONVERSION = YES;
				GCC_WARN_ABOUT_RETURN_TYPE = YES_ERROR;
				GCC_WARN_UNDECLARED_SELECTOR = YES;
				GCC_WARN_UNINITIALIZED_AUTOS = YES_AGGRESSIVE;
				GCC_WARN_UNUSED_FUNCTION = YES;
				GCC_WARN_UNUSED_VARIABLE = YES;
				IPHONEOS_DEPLOYMENT_TARGET = 16.4;
				MTL_ENABLE_DEBUG_INFO = INCLUDE_SOURCE;
				MTL_FAST_MATH = YES;
				ONLY_ACTIVE_ARCH = YES;
				SDKROOT = iphoneos;
				SWIFT_ACTIVE_COMPILATION_CONDITIONS = DEBUG;
				SWIFT_OPTIMIZATION_LEVEL = "-Onone";
			};
			name = Debug;
		};
		7532F5A72A2B1CB600FE5F38 /* Release */ = {
			isa = XCBuildConfiguration;
			buildSettings = {
				ALWAYS_SEARCH_USER_PATHS = NO;
				CLANG_ANALYZER_NONNULL = YES;
				CLANG_ANALYZER_NUMBER_OBJECT_CONVERSION = YES_AGGRESSIVE;
				CLANG_CXX_LANGUAGE_STANDARD = "gnu++20";
				CLANG_ENABLE_MODULES = YES;
				CLANG_ENABLE_OBJC_ARC = YES;
				CLANG_ENABLE_OBJC_WEAK = YES;
				CLANG_WARN_BLOCK_CAPTURE_AUTORELEASING = YES;
				CLANG_WARN_BOOL_CONVERSION = YES;
				CLANG_WARN_COMMA = YES;
				CLANG_WARN_CONSTANT_CONVERSION = YES;
				CLANG_WARN_DEPRECATED_OBJC_IMPLEMENTATIONS = YES;
				CLANG_WARN_DIRECT_OBJC_ISA_USAGE = YES_ERROR;
				CLANG_WARN_DOCUMENTATION_COMMENTS = YES;
				CLANG_WARN_EMPTY_BODY = YES;
				CLANG_WARN_ENUM_CONVERSION = YES;
				CLANG_WARN_INFINITE_RECURSION = YES;
				CLANG_WARN_INT_CONVERSION = YES;
				CLANG_WARN_NON_LITERAL_NULL_CONVERSION = YES;
				CLANG_WARN_OBJC_IMPLICIT_RETAIN_SELF = YES;
				CLANG_WARN_OBJC_LITERAL_CONVERSION = YES;
				CLANG_WARN_OBJC_ROOT_CLASS = YES_ERROR;
				CLANG_WARN_QUOTED_INCLUDE_IN_FRAMEWORK_HEADER = YES;
				CLANG_WARN_RANGE_LOOP_ANALYSIS = YES;
				CLANG_WARN_STRICT_PROTOTYPES = YES;
				CLANG_WARN_SUSPICIOUS_MOVE = YES;
				CLANG_WARN_UNGUARDED_AVAILABILITY = YES_AGGRESSIVE;
				CLANG_WARN_UNREACHABLE_CODE = YES;
				CLANG_WARN__DUPLICATE_METHOD_MATCH = YES;
				COPY_PHASE_STRIP = NO;
				DEBUG_INFORMATION_FORMAT = "dwarf-with-dsym";
				ENABLE_NS_ASSERTIONS = NO;
				ENABLE_STRICT_OBJC_MSGSEND = YES;
				GCC_C_LANGUAGE_STANDARD = gnu11;
				GCC_NO_COMMON_BLOCKS = YES;
				GCC_WARN_64_TO_32_BIT_CONVERSION = YES;
				GCC_WARN_ABOUT_RETURN_TYPE = YES_ERROR;
				GCC_WARN_UNDECLARED_SELECTOR = YES;
				GCC_WARN_UNINITIALIZED_AUTOS = YES_AGGRESSIVE;
				GCC_WARN_UNUSED_FUNCTION = YES;
				GCC_WARN_UNUSED_VARIABLE = YES;
				IPHONEOS_DEPLOYMENT_TARGET = 16.4;
				MTL_ENABLE_DEBUG_INFO = NO;
				MTL_FAST_MATH = YES;
				SDKROOT = iphoneos;
				SWIFT_COMPILATION_MODE = wholemodule;
				SWIFT_OPTIMIZATION_LEVEL = "-O";
				VALIDATE_PRODUCT = YES;
			};
			name = Release;
		};
		7532F5A92A2B1CB600FE5F38 /* Debug */ = {
			isa = XCBuildConfiguration;
			buildSettings = {
				ASSETCATALOG_COMPILER_APPICON_NAME = AppIcon;
				ASSETCATALOG_COMPILER_GLOBAL_ACCENT_COLOR_NAME = AccentColor;
				CODE_SIGN_STYLE = Automatic;
				CURRENT_PROJECT_VERSION = 1;
				DEVELOPMENT_ASSET_PATHS = "\"cardsGame/Preview Content\"";
				ENABLE_PREVIEWS = YES;
				GENERATE_INFOPLIST_FILE = YES;
				INFOPLIST_KEY_UIApplicationSceneManifest_Generation = YES;
				INFOPLIST_KEY_UIApplicationSupportsIndirectInputEvents = YES;
				INFOPLIST_KEY_UILaunchScreen_Generation = YES;
				INFOPLIST_KEY_UISupportedInterfaceOrientations_iPad = "UIInterfaceOrientationPortrait UIInterfaceOrientationPortraitUpsideDown UIInterfaceOrientationLandscapeLeft UIInterfaceOrientationLandscapeRight";
				INFOPLIST_KEY_UISupportedInterfaceOrientations_iPhone = "UIInterfaceOrientationPortrait UIInterfaceOrientationLandscapeLeft UIInterfaceOrientationLandscapeRight";
				LD_RUNPATH_SEARCH_PATHS = (
					"$(inherited)",
					"@executable_path/Frameworks",
				);
				MARKETING_VERSION = 1.0;
				PRODUCT_BUNDLE_IDENTIFIER = com.navyari.cardsGame;
				PRODUCT_NAME = "$(TARGET_NAME)";
				SWIFT_EMIT_LOC_STRINGS = YES;
				SWIFT_VERSION = 5.0;
				TARGETED_DEVICE_FAMILY = "1,2";
			};
			name = Debug;
		};
		7532F5AA2A2B1CB600FE5F38 /* Release */ = {
			isa = XCBuildConfiguration;
			buildSettings = {
				ASSETCATALOG_COMPILER_APPICON_NAME = AppIcon;
				ASSETCATALOG_COMPILER_GLOBAL_ACCENT_COLOR_NAME = AccentColor;
				CODE_SIGN_STYLE = Automatic;
				CURRENT_PROJECT_VERSION = 1;
				DEVELOPMENT_ASSET_PATHS = "\"cardsGame/Preview Content\"";
				ENABLE_PREVIEWS = YES;
				GENERATE_INFOPLIST_FILE = YES;
				INFOPLIST_KEY_UIApplicationSceneManifest_Generation = YES;
				INFOPLIST_KEY_UIApplicationSupportsIndirectInputEvents = YES;
				INFOPLIST_KEY_UILaunchScreen_Generation = YES;
				INFOPLIST_KEY_UISupportedInterfaceOrientations_iPad = "UIInterfaceOrientationPortrait UIInterfaceOrientationPortraitUpsideDown UIInterfaceOrientationLandscapeLeft UIInterfaceOrientationLandscapeRight";
				INFOPLIST_KEY_UISupportedInterfaceOrientations_iPhone = "UIInterfaceOrientationPortrait UIInterfaceOrientationLandscapeLeft UIInterfaceOrientationLandscapeRight";
				LD_RUNPATH_SEARCH_PATHS = (
					"$(inherited)",
					"@executable_path/Frameworks",
				);
				MARKETING_VERSION = 1.0;
				PRODUCT_BUNDLE_IDENTIFIER = com.navyari.cardsGame;
				PRODUCT_NAME = "$(TARGET_NAME)";
				SWIFT_EMIT_LOC_STRINGS = YES;
				SWIFT_VERSION = 5.0;
				TARGETED_DEVICE_FAMILY = "1,2";
			};
			name = Release;
		};
		7532F5AC2A2B1CB600FE5F38 /* Debug */ = {
			isa = XCBuildConfiguration;
			buildSettings = {
				ALWAYS_EMBED_SWIFT_STANDARD_LIBRARIES = YES;
				BUNDLE_LOADER = "$(TEST_HOST)";
				CODE_SIGN_STYLE = Automatic;
				CURRENT_PROJECT_VERSION = 1;
				GENERATE_INFOPLIST_FILE = YES;
				IPHONEOS_DEPLOYMENT_TARGET = 16.4;
				MARKETING_VERSION = 1.0;
				PRODUCT_BUNDLE_IDENTIFIER = com.navyari.cardsGameTests;
				PRODUCT_NAME = "$(TARGET_NAME)";
				SWIFT_EMIT_LOC_STRINGS = NO;
				SWIFT_VERSION = 5.0;
				TARGETED_DEVICE_FAMILY = "1,2";
				TEST_HOST = "$(BUILT_PRODUCTS_DIR)/cardsGame.app/$(BUNDLE_EXECUTABLE_FOLDER_PATH)/cardsGame";
			};
			name = Debug;
		};
		7532F5AD2A2B1CB600FE5F38 /* Release */ = {
			isa = XCBuildConfiguration;
			buildSettings = {
				ALWAYS_EMBED_SWIFT_STANDARD_LIBRARIES = YES;
				BUNDLE_LOADER = "$(TEST_HOST)";
				CODE_SIGN_STYLE = Automatic;
				CURRENT_PROJECT_VERSION = 1;
				GENERATE_INFOPLIST_FILE = YES;
				IPHONEOS_DEPLOYMENT_TARGET = 16.4;
				MARKETING_VERSION = 1.0;
				PRODUCT_BUNDLE_IDENTIFIER = com.navyari.cardsGameTests;
				PRODUCT_NAME = "$(TARGET_NAME)";
				SWIFT_EMIT_LOC_STRINGS = NO;
				SWIFT_VERSION = 5.0;
				TARGETED_DEVICE_FAMILY = "1,2";
				TEST_HOST = "$(BUILT_PRODUCTS_DIR)/cardsGame.app/$(BUNDLE_EXECUTABLE_FOLDER_PATH)/cardsGame";
			};
			name = Release;
		};
		7532F5AF2A2B1CB600FE5F38 /* Debug */ = {
			isa = XCBuildConfiguration;
			buildSettings = {
				ALWAYS_EMBED_SWIFT_STANDARD_LIBRARIES = YES;
				CODE_SIGN_STYLE = Automatic;
				CURRENT_PROJECT_VERSION = 1;
				GENERATE_INFOPLIST_FILE = YES;
				MARKETING_VERSION = 1.0;
				PRODUCT_BUNDLE_IDENTIFIER = com.navyari.cardsGameUITests;
				PRODUCT_NAME = "$(TARGET_NAME)";
				SWIFT_EMIT_LOC_STRINGS = NO;
				SWIFT_VERSION = 5.0;
				TARGETED_DEVICE_FAMILY = "1,2";
				TEST_TARGET_NAME = cardsGame;
			};
			name = Debug;
		};
		7532F5B02A2B1CB600FE5F38 /* Release */ = {
			isa = XCBuildConfiguration;
			buildSettings = {
				ALWAYS_EMBED_SWIFT_STANDARD_LIBRARIES = YES;
				CODE_SIGN_STYLE = Automatic;
				CURRENT_PROJECT_VERSION = 1;
				GENERATE_INFOPLIST_FILE = YES;
				MARKETING_VERSION = 1.0;
				PRODUCT_BUNDLE_IDENTIFIER = com.navyari.cardsGameUITests;
				PRODUCT_NAME = "$(TARGET_NAME)";
				SWIFT_EMIT_LOC_STRINGS = NO;
				SWIFT_VERSION = 5.0;
				TARGETED_DEVICE_FAMILY = "1,2";
				TEST_TARGET_NAME = cardsGame;
			};
			name = Release;
		};
/* End XCBuildConfiguration section */

/* Begin XCConfigurationList section */
		7532F57F2A2B1CB400FE5F38 /* Build configuration list for PBXProject "cardsGame" */ = {
			isa = XCConfigurationList;
			buildConfigurations = (
				7532F5A62A2B1CB600FE5F38 /* Debug */,
				7532F5A72A2B1CB600FE5F38 /* Release */,
			);
			defaultConfigurationIsVisible = 0;
			defaultConfigurationName = Release;
		};
		7532F5A82A2B1CB600FE5F38 /* Build configuration list for PBXNativeTarget "cardsGame" */ = {
			isa = XCConfigurationList;
			buildConfigurations = (
				7532F5A92A2B1CB600FE5F38 /* Debug */,
				7532F5AA2A2B1CB600FE5F38 /* Release */,
			);
			defaultConfigurationIsVisible = 0;
			defaultConfigurationName = Release;
		};
		7532F5AB2A2B1CB600FE5F38 /* Build configuration list for PBXNativeTarget "cardsGameTests" */ = {
			isa = XCConfigurationList;
			buildConfigurations = (
				7532F5AC2A2B1CB600FE5F38 /* Debug */,
				7532F5AD2A2B1CB600FE5F38 /* Release */,
			);
			defaultConfigurationIsVisible = 0;
			defaultConfigurationName = Release;
		};
		7532F5AE2A2B1CB600FE5F38 /* Build configuration list for PBXNativeTarget "cardsGameUITests" */ = {
			isa = XCConfigurationList;
			buildConfigurations = (
				7532F5AF2A2B1CB600FE5F38 /* Debug */,
				7532F5B02A2B1CB600FE5F38 /* Release */,
			);
			defaultConfigurationIsVisible = 0;
			defaultConfigurationName = Release;
		};
/* End XCConfigurationList section */
	};
	rootObject = 7532F57C2A2B1CB400FE5F38 /* Project object */;
}
